
Microsoft Visual Studio Solution File, Format Version 12.00
# Visual Studio Version 17
VisualStudioVersion = 17.8.34330.188
MinimumVisualStudioVersion = 10.0.40219.1
Project("{8BC9CEB8-8B4A-11D0-8D11-00A0C91BC942}") = "RTCore64_Vulnerability", "RTCore64_Vulnerability\RTCore64_Vulnerability.vcxproj", "{F8334111-DC3C-4FA8-9054-D5B856D64740}"
EndProject
Global
	GlobalSection(SolutionConfigurationPlatforms) = preSolution
		Debug|x64 = Debug|x64
		Debug|x86 = Debug|x86
		Release|x64 = Release|x64
		Release|x86 = Release|x86
	EndGlobalSection
	GlobalSection(ProjectConfigurationPlatforms) = postSolution
		{F8334111-DC3C-4FA8-9054-D5B856D64740}.Debug|x64.ActiveCfg = Debug|x64
		{F8334111-DC3C-4FA8-9054-D5B856D64740}.Debug|x64.Build.0 = Debug|x64
		{F8334111-DC3C-4FA8-9054-D5B856D64740}.Debug|x86.ActiveCfg = Debug|Win32
		{F8334111-DC3C-4FA8-9054-D5B856D64740}.Debug|x86.Build.0 = Debug|Win32
		{F8334111-DC3C-4FA8-9054-D5B856D64740}.Release|x64.ActiveCfg = Release|x64
		{F8334111-DC3C-4FA8-9054-D5B856D64740}.Release|x64.Build.0 = Release|x64
		{F8334111-DC3C-4FA8-9054-D5B856D64740}.Release|x86.ActiveCfg = Release|Win32
		{F8334111-DC3C-4FA8-9054-D5B856D64740}.Release|x86.Build.0 = Release|Win32
	EndGlobalSection
	GlobalSection(SolutionProperties) = preSolution
		HideSolutionNode = FALSE
	EndGlobalSection
	GlobalSection(ExtensibilityGlobals) = postSolution
		SolutionGuid = {845D2851-FD79-4643-B157-0FE2CBDFE087}
	EndGlobalSection
EndGlobal
